
Microsoft Visual Studio Solution File, Format Version 12.00
# Visual Studio Version 17
VisualStudioVersion = 17.12.35707.178 d17.12
MinimumVisualStudioVersion = 10.0.40219.1
Project("{FAE04EC0-301F-11D3-BF4B-00C04F79EFBC}") = "ConsoleApp1", "ConsoleApp1\ConsoleApp1.csproj", "{DDAB25D7-C38F-4F4F-8E94-7089C75385EE}"
EndProject
Global
	GlobalSection(SolutionConfigurationPlatforms) = preSolution
		Debug|Any CPU = Debug|Any CPU
		Release|Any CPU = Release|Any CPU
	EndGlobalSection
	GlobalSection(ProjectConfigurationPlatforms) = postSolution
		{DDAB25D7-C38F-4F4F-8E94-7089C75385EE}.Debug|Any CPU.ActiveCfg = Debug|Any CPU
		{DDAB25D7-C38F-4F4F-8E94-7089C75385EE}.Debug|Any CPU.Build.0 = Debug|Any CPU
		{DDAB25D7-C38F-4F4F-8E94-7089C75385EE}.Release|Any CPU.ActiveCfg = Release|Any CPU
		{DDAB25D7-C38F-4F4F-8E94-7089C75385EE}.Release|Any CPU.Build.0 = Release|Any CPU
	EndGlobalSection
	GlobalSection(SolutionProperties) = preSolution
		HideSolutionNode = FALSE
	EndGlobalSection
EndGlobal
